<?xml version="1.0" encoding="utf-8"?>
<Project ToolsVersion="4.0" xmlns="http://schemas.microsoft.com/developer/msbuild/2003">
  <ItemGroup>
    <Filter Include="Source Files">
      <UniqueIdentifier>{4FC737F1-C7A5-4376-A066-2A32D752A2FF}</UniqueIdentifier>
      <Extensions>cpp;c;cc;cxx;def;odl;idl;hpj;bat;asm;asmx</Extensions>
    </Filter>
    <Filter Include="Header Files">
      <UniqueIdentifier>{93995380-89BD-4b04-88EB-625FBE52EBFB}</UniqueIdentifier>
      <Extensions>h;hh;hpp;hxx;hm;inl;inc;xsd</Extensions>
    </Filter>
    <Filter Include="Resource Files">
      <UniqueIdentifier>{67DA6AB6-F800-4c08-8B7A-83BB121AAD01}</UniqueIdentifier>
      <Extensions>rc;ico;cur;bmp;dlg;rc2;rct;bin;rgs;gif;jpg;jpeg;jpe;resx;tiff;tif;png;wav;mfcribbon-ms</Extensions>
    </Filter>
    <Filter Include="Source Files\DP">
      <UniqueIdentifier>{52d5c4d0-8663-4613-935c-7e247935cf7a}</UniqueIdentifier>
    </Filter>
    <Filter Include="Header Files\DP">
      <UniqueIdentifier>{da52397b-7f7d-4072-959c-a34cf1f9925e}</UniqueIdentifier>
    </Filter>
  </ItemGroup>
  <ItemGroup>
    <ClCompile Include="src\dp\AssemblyLine.cpp">
      <Filter>Source Files\DP</Filter>
    </ClCompile>
    <ClCompile Include="src\dp\EditDistance.cpp">
      <Filter>Source Files\DP</Filter>
    </ClCompile>
    <ClCompile Include="src\dp\FastBoundedFib.cpp">
      <Filter>Source Files\DP</Filter>
    </ClCompile>
    <ClCompile Include="src\dp\KnapSack.cpp">
      <Filter>Source Files\DP</Filter>
    </ClCompile>
    <ClCompile Include="src\dp\LCS.cpp">
      <Filter>Source Files\DP</Filter>
    </ClCompile>
    <ClCompile Include="src\Driver.cpp">
      <Filter>Source Files</Filter>
    </ClCompile>
  </ItemGroup>
  <ItemGroup>
    <ClInclude Include="inc\dp\AssemblyLine.h">
      <Filter>Header Files\DP</Filter>
    </ClInclude>
    <ClInclude Include="inc\dp\EditDistance.h">
      <Filter>Header Files\DP</Filter>
    </ClInclude>
    <ClInclude Include="inc\dp\FastBoundedFib.h">
      <Filter>Header Files\DP</Filter>
    </ClInclude>
    <ClInclude Include="inc\dp\KnapSack.h">
      <Filter>Header Files\DP</Filter>
    </ClInclude>
    <ClInclude Include="inc\dp\LCS.h">
      <Filter>Header Files\DP</Filter>
    </ClInclude>
  </ItemGroup>
</Project>